// !$*UTF8*$!
{
	archiveVersion = 1;
	classes = {
	};
	objectVersion = 46;
	objects = {

/* Begin PBXBuildFile section */
		4E074B601DB4CE540090B5C0 /* main.m in Sources */ = {isa = PBXBuildFile; fileRef = 4E074B5F1DB4CE540090B5C0 /* main.m */; };
		4E074B631DB4CE540090B5C0 /* AppDelegate.m in Sources */ = {isa = PBXBuildFile; fileRef = 4E074B621DB4CE540090B5C0 /* AppDelegate.m */; };
		4E074B661DB4CE540090B5C0 /* ViewController.m in Sources */ = {isa = PBXBuildFile; fileRef = 4E074B651DB4CE540090B5C0 /* ViewController.m */; };
		4E074B691DB4CE540090B5C0 /* Main.storyboard in Resources */ = {isa = PBXBuildFile; fileRef = 4E074B671DB4CE540090B5C0 /* Main.storyboard */; };
		4E074B6B1DB4CE540090B5C0 /* Assets.xcassets in Resources */ = {isa = PBXBuildFile; fileRef = 4E074B6A1DB4CE540090B5C0 /* Assets.xcassets */; };
		4E074B6E1DB4CE540090B5C0 /* LaunchScreen.storyboard in Resources */ = {isa = PBXBuildFile; fileRef = 4E074B6C1DB4CE540090B5C0 /* LaunchScreen.storyboard */; };
		4E074B7C1DB4CEA90090B5C0 /* NotificationCenter.framework in Frameworks */ = {isa = PBXBuildFile; fileRef = 4E074B7B1DB4CEA90090B5C0 /* NotificationCenter.framework */; };
		4E074B801DB4CEA90090B5C0 /* TodayViewController.m in Sources */ = {isa = PBXBuildFile; fileRef = 4E074B7F1DB4CEA90090B5C0 /* TodayViewController.m */; };
		4E074B871DB4CEA90090B5C0 /* Widget.appex in Embed App Extensions */ = {isa = PBXBuildFile; fileRef = 4E074B791DB4CEA90090B5C0 /* Widget.appex */; settings = {ATTRIBUTES = (RemoveHeadersOnCopy, ); }; };
		4EA45D701DB5FAB000462A97 /* WidgetNewsCell.m in Sources */ = {isa = PBXBuildFile; fileRef = 4EA45D6F1DB5FAB000462A97 /* WidgetNewsCell.m */; };
		4EA45D731DB5FAC700462A97 /* WidgetMatchCell.m in Sources */ = {isa = PBXBuildFile; fileRef = 4EA45D721DB5FAC700462A97 /* WidgetMatchCell.m */; };
		4EA45D791DB604FE00462A97 /* Foundation.framework in Frameworks */ = {isa = PBXBuildFile; fileRef = 4EA45D781DB604FE00462A97 /* Foundation.framework */; };
		4EA45D7C1DB6095100462A97 /* UIColor+Extend.m in Sources */ = {isa = PBXBuildFile; fileRef = 4EA45D7B1DB6095100462A97 /* UIColor+Extend.m */; };
		4EA45D7E1DB60CCF00462A97 /* UIKit.framework in Frameworks */ = {isa = PBXBuildFile; fileRef = 4EA45D7D1DB60CCF00462A97 /* UIKit.framework */; };
		4EA45D821DB6116200462A97 /* Foundation.framework in Frameworks */ = {isa = PBXBuildFile; fileRef = 4EA45D781DB604FE00462A97 /* Foundation.framework */; };
		4EA45D831DB6116700462A97 /* UIKit.framework in Frameworks */ = {isa = PBXBuildFile; fileRef = 4EA45D7D1DB60CCF00462A97 /* UIKit.framework */; };
/* End PBXBuildFile section */

/* Begin PBXContainerItemProxy section */
		4E074B851DB4CEA90090B5C0 /* PBXContainerItemProxy */ = {
			isa = PBXContainerItemProxy;
			containerPortal = 4E074B531DB4CE540090B5C0 /* Project object */;
			proxyType = 1;
			remoteGlobalIDString = 4E074B781DB4CEA90090B5C0;
			remoteInfo = Widget;
		};
/* End PBXContainerItemProxy section */

/* Begin PBXCopyFilesBuildPhase section */
		4E074B8B1DB4CEA90090B5C0 /* Embed App Extensions */ = {
			isa = PBXCopyFilesBuildPhase;
			buildActionMask = 2147483647;
			dstPath = "";
			dstSubfolderSpec = 13;
			files = (
				4E074B871DB4CEA90090B5C0 /* Widget.appex in Embed App Extensions */,
			);
			name = "Embed App Extensions";
			runOnlyForDeploymentPostprocessing = 0;
		};
/* End PBXCopyFilesBuildPhase section */

/* Begin PBXFileReference section */
		4E074B5B1DB4CE540090B5C0 /* TestWidget.app */ = {isa = PBXFileReference; explicitFileType = wrapper.application; includeInIndex = 0; path = TestWidget.app; sourceTree = BUILT_PRODUCTS_DIR; };
		4E074B5F1DB4CE540090B5C0 /* main.m */ = {isa = PBXFileReference; lastKnownFileType = sourcecode.c.objc; path = main.m; sourceTree = "<group>"; };
		4E074B611DB4CE540090B5C0 /* AppDelegate.h */ = {isa = PBXFileReference; lastKnownFileType = sourcecode.c.h; path = AppDelegate.h; sourceTree = "<group>"; };
		4E074B621DB4CE540090B5C0 /* AppDelegate.m */ = {isa = PBXFileReference; lastKnownFileType = sourcecode.c.objc; path = AppDelegate.m; sourceTree = "<group>"; };
		4E074B641DB4CE540090B5C0 /* ViewController.h */ = {isa = PBXFileReference; lastKnownFileType = sourcecode.c.h; path = ViewController.h; sourceTree = "<group>"; };
		4E074B651DB4CE540090B5C0 /* ViewController.m */ = {isa = PBXFileReference; lastKnownFileType = sourcecode.c.objc; path = ViewController.m; sourceTree = "<group>"; };
		4E074B681DB4CE540090B5C0 /* Base */ = {isa = PBXFileReference; lastKnownFileType = file.storyboard; name = Base; path = Base.lproj/Main.storyboard; sourceTree = "<group>"; };
		4E074B6A1DB4CE540090B5C0 /* Assets.xcassets */ = {isa = PBXFileReference; lastKnownFileType = folder.assetcatalog; path = Assets.xcassets; sourceTree = "<group>"; };
		4E074B6D1DB4CE540090B5C0 /* Base */ = {isa = PBXFileReference; lastKnownFileType = file.storyboard; name = Base; path = Base.lproj/LaunchScreen.storyboard; sourceTree = "<group>"; };
		4E074B6F1DB4CE540090B5C0 /* Info.plist */ = {isa = PBXFileReference; lastKnownFileType = text.plist.xml; path = Info.plist; sourceTree = "<group>"; };
		4E074B791DB4CEA90090B5C0 /* Widget.appex */ = {isa = PBXFileReference; explicitFileType = "wrapper.app-extension"; includeInIndex = 0; path = Widget.appex; sourceTree = BUILT_PRODUCTS_DIR; };
		4E074B7B1DB4CEA90090B5C0 /* NotificationCenter.framework */ = {isa = PBXFileReference; lastKnownFileType = wrapper.framework; name = NotificationCenter.framework; path = System/Library/Frameworks/NotificationCenter.framework; sourceTree = SDKROOT; };
		4E074B7E1DB4CEA90090B5C0 /* TodayViewController.h */ = {isa = PBXFileReference; lastKnownFileType = sourcecode.c.h; path = TodayViewController.h; sourceTree = "<group>"; };
		4E074B7F1DB4CEA90090B5C0 /* TodayViewController.m */ = {isa = PBXFileReference; lastKnownFileType = sourcecode.c.objc; path = TodayViewController.m; sourceTree = "<group>"; };
		4E074B841DB4CEA90090B5C0 /* Info.plist */ = {isa = PBXFileReference; lastKnownFileType = text.plist.xml; path = Info.plist; sourceTree = "<group>"; };
		4E074B8C1DB4CEEE0090B5C0 /* Widget.entitlements */ = {isa = PBXFileReference; lastKnownFileType = text.plist.entitlements; path = Widget.entitlements; sourceTree = "<group>"; };
		4E074B8D1DB4CF830090B5C0 /* TestWidget.entitlements */ = {isa = PBXFileReference; lastKnownFileType = text.plist.entitlements; path = TestWidget.entitlements; sourceTree = "<group>"; };
		4EA45D6E1DB5FAB000462A97 /* WidgetNewsCell.h */ = {isa = PBXFileReference; fileEncoding = 4; lastKnownFileType = sourcecode.c.h; path = WidgetNewsCell.h; sourceTree = "<group>"; };
		4EA45D6F1DB5FAB000462A97 /* WidgetNewsCell.m */ = {isa = PBXFileReference; fileEncoding = 4; lastKnownFileType = sourcecode.c.objc; path = WidgetNewsCell.m; sourceTree = "<group>"; };
		4EA45D711DB5FAC700462A97 /* WidgetMatchCell.h */ = {isa = PBXFileReference; fileEncoding = 4; lastKnownFileType = sourcecode.c.h; path = WidgetMatchCell.h; sourceTree = "<group>"; };
		4EA45D721DB5FAC700462A97 /* WidgetMatchCell.m */ = {isa = PBXFileReference; fileEncoding = 4; lastKnownFileType = sourcecode.c.objc; path = WidgetMatchCell.m; sourceTree = "<group>"; };
		4EA45D741DB6002100462A97 /* WidgteTool.h */ = {isa = PBXFileReference; lastKnownFileType = sourcecode.c.h; path = WidgteTool.h; sourceTree = "<group>"; };
		4EA45D781DB604FE00462A97 /* Foundation.framework */ = {isa = PBXFileReference; lastKnownFileType = wrapper.framework; name = Foundation.framework; path = System/Library/Frameworks/Foundation.framework; sourceTree = SDKROOT; };
		4EA45D7A1DB6095100462A97 /* UIColor+Extend.h */ = {isa = PBXFileReference; fileEncoding = 4; lastKnownFileType = sourcecode.c.h; path = "UIColor+Extend.h"; sourceTree = "<group>"; };
		4EA45D7B1DB6095100462A97 /* UIColor+Extend.m */ = {isa = PBXFileReference; fileEncoding = 4; lastKnownFileType = sourcecode.c.objc; path = "UIColor+Extend.m"; sourceTree = "<group>"; };
		4EA45D7D1DB60CCF00462A97 /* UIKit.framework */ = {isa = PBXFileReference; lastKnownFileType = wrapper.framework; name = UIKit.framework; path = System/Library/Frameworks/UIKit.framework; sourceTree = SDKROOT; };
/* End PBXFileReference section */

/* Begin PBXFrameworksBuildPhase section */
		4E074B581DB4CE540090B5C0 /* Frameworks */ = {
			isa = PBXFrameworksBuildPhase;
			buildActionMask = 2147483647;
			files = (
				4EA45D821DB6116200462A97 /* Foundation.framework in Frameworks */,
				4EA45D831DB6116700462A97 /* UIKit.framework in Frameworks */,
			);
			runOnlyForDeploymentPostprocessing = 0;
		};
		4E074B761DB4CEA90090B5C0 /* Frameworks */ = {
			isa = PBXFrameworksBuildPhase;
			buildActionMask = 2147483647;
			files = (
				4EA45D7E1DB60CCF00462A97 /* UIKit.framework in Frameworks */,
				4EA45D791DB604FE00462A97 /* Foundation.framework in Frameworks */,
				4E074B7C1DB4CEA90090B5C0 /* NotificationCenter.framework in Frameworks */,
			);
			runOnlyForDeploymentPostprocessing = 0;
		};
/* End PBXFrameworksBuildPhase section */

/* Begin PBXGroup section */
		4E074B521DB4CE540090B5C0 = {
			isa = PBXGroup;
			children = (
				4E074B5D1DB4CE540090B5C0 /* TestWidget */,
				4E074B7D1DB4CEA90090B5C0 /* Widget */,
				4E074B7A1DB4CEA90090B5C0 /* Frameworks */,
				4E074B5C1DB4CE540090B5C0 /* Products */,
			);
			sourceTree = "<group>";
		};
		4E074B5C1DB4CE540090B5C0 /* Products */ = {
			isa = PBXGroup;
			children = (
				4E074B5B1DB4CE540090B5C0 /* TestWidget.app */,
				4E074B791DB4CEA90090B5C0 /* Widget.appex */,
			);
			name = Products;
			sourceTree = "<group>";
		};
		4E074B5D1DB4CE540090B5C0 /* TestWidget */ = {
			isa = PBXGroup;
			children = (
				4E074B8D1DB4CF830090B5C0 /* TestWidget.entitlements */,
				4E074B611DB4CE540090B5C0 /* AppDelegate.h */,
				4E074B621DB4CE540090B5C0 /* AppDelegate.m */,
				4E074B641DB4CE540090B5C0 /* ViewController.h */,
				4E074B651DB4CE540090B5C0 /* ViewController.m */,
				4E074B671DB4CE540090B5C0 /* Main.storyboard */,
				4E074B6A1DB4CE540090B5C0 /* Assets.xcassets */,
				4E074B6C1DB4CE540090B5C0 /* LaunchScreen.storyboard */,
				4E074B6F1DB4CE540090B5C0 /* Info.plist */,
				4E074B5E1DB4CE540090B5C0 /* Supporting Files */,
			);
			path = TestWidget;
			sourceTree = "<group>";
		};
		4E074B5E1DB4CE540090B5C0 /* Supporting Files */ = {
			isa = PBXGroup;
			children = (
				4E074B5F1DB4CE540090B5C0 /* main.m */,
			);
			name = "Supporting Files";
			sourceTree = "<group>";
		};
		4E074B7A1DB4CEA90090B5C0 /* Frameworks */ = {
			isa = PBXGroup;
			children = (
				4EA45D7D1DB60CCF00462A97 /* UIKit.framework */,
				4EA45D781DB604FE00462A97 /* Foundation.framework */,
				4E074B7B1DB4CEA90090B5C0 /* NotificationCenter.framework */,
			);
			name = Frameworks;
			sourceTree = "<group>";
		};
		4E074B7D1DB4CEA90090B5C0 /* Widget */ = {
			isa = PBXGroup;
			children = (
				4EA45D7A1DB6095100462A97 /* UIColor+Extend.h */,
				4EA45D7B1DB6095100462A97 /* UIColor+Extend.m */,
				4E074B8C1DB4CEEE0090B5C0 /* Widget.entitlements */,
				4E074B7E1DB4CEA90090B5C0 /* TodayViewController.h */,
				4E074B7F1DB4CEA90090B5C0 /* TodayViewController.m */,
				4E074B841DB4CEA90090B5C0 /* Info.plist */,
				4EA45D711DB5FAC700462A97 /* WidgetMatchCell.h */,
				4EA45D721DB5FAC700462A97 /* WidgetMatchCell.m */,
				4EA45D6E1DB5FAB000462A97 /* WidgetNewsCell.h */,
				4EA45D6F1DB5FAB000462A97 /* WidgetNewsCell.m */,
				4EA45D741DB6002100462A97 /* WidgteTool.h */,
			);
			path = Widget;
			sourceTree = "<group>";
		};
/* End PBXGroup section */

/* Begin PBXNativeTarget section */
		4E074B5A1DB4CE540090B5C0 /* TestWidget */ = {
			isa = PBXNativeTarget;
			buildConfigurationList = 4E074B721DB4CE540090B5C0 /* Build configuration list for PBXNativeTarget "TestWidget" */;
			buildPhases = (
				4E074B571DB4CE540090B5C0 /* Sources */,
				4E074B581DB4CE540090B5C0 /* Frameworks */,
				4E074B591DB4CE540090B5C0 /* Resources */,
				4E074B8B1DB4CEA90090B5C0 /* Embed App Extensions */,
			);
			buildRules = (
			);
			dependencies = (
				4E074B861DB4CEA90090B5C0 /* PBXTargetDependency */,
			);
			name = TestWidget;
			productName = TestWidget;
			productReference = 4E074B5B1DB4CE540090B5C0 /* TestWidget.app */;
			productType = "com.apple.product-type.application";
		};
		4E074B781DB4CEA90090B5C0 /* Widget */ = {
			isa = PBXNativeTarget;
			buildConfigurationList = 4E074B881DB4CEA90090B5C0 /* Build configuration list for PBXNativeTarget "Widget" */;
			buildPhases = (
				4E074B751DB4CEA90090B5C0 /* Sources */,
				4E074B761DB4CEA90090B5C0 /* Frameworks */,
				4E074B771DB4CEA90090B5C0 /* Resources */,
			);
			buildRules = (
			);
			dependencies = (
			);
			name = Widget;
			productName = Widget;
			productReference = 4E074B791DB4CEA90090B5C0 /* Widget.appex */;
			productType = "com.apple.product-type.app-extension";
		};
/* End PBXNativeTarget section */

/* Begin PBXProject section */
		4E074B531DB4CE540090B5C0 /* Project object */ = {
			isa = PBXProject;
			attributes = {
				LastUpgradeCheck = 0800;
				ORGANIZATIONNAME = xixi;
				TargetAttributes = {
					4E074B5A1DB4CE540090B5C0 = {
						CreatedOnToolsVersion = 8.0;
						DevelopmentTeam = L94FR997ZV;
						ProvisioningStyle = Automatic;
						SystemCapabilities = {
							com.apple.ApplicationGroups.iOS = {
								enabled = 1;
							};
						};
					};
					4E074B781DB4CEA90090B5C0 = {
						CreatedOnToolsVersion = 8.0;
						DevelopmentTeam = L94FR997ZV;
						ProvisioningStyle = Automatic;
						SystemCapabilities = {
							com.apple.ApplicationGroups.iOS = {
								enabled = 1;
							};
						};
					};
				};
			};
			buildConfigurationList = 4E074B561DB4CE540090B5C0 /* Build configuration list for PBXProject "TestWidget" */;
			compatibilityVersion = "Xcode 3.2";
			developmentRegion = English;
			hasScannedForEncodings = 0;
			knownRegions = (
				en,
				Base,
			);
			mainGroup = 4E074B521DB4CE540090B5C0;
			productRefGroup = 4E074B5C1DB4CE540090B5C0 /* Products */;
			projectDirPath = "";
			projectRoot = "";
			targets = (
				4E074B5A1DB4CE540090B5C0 /* TestWidget */,
				4E074B781DB4CEA90090B5C0 /* Widget */,
			);
		};
/* End PBXProject section */

/* Begin PBXResourcesBuildPhase section */
		4E074B591DB4CE540090B5C0 /* Resources */ = {
			isa = PBXResourcesBuildPhase;
			buildActionMask = 2147483647;
			files = (
				4E074B6E1DB4CE540090B5C0 /* LaunchScreen.storyboard in Resources */,
				4E074B6B1DB4CE540090B5C0 /* Assets.xcassets in Resources */,
				4E074B691DB4CE540090B5C0 /* Main.storyboard in Resources */,
			);
			runOnlyForDeploymentPostprocessing = 0;
		};
		4E074B771DB4CEA90090B5C0 /* Resources */ = {
			isa = PBXResourcesBuildPhase;
			buildActionMask = 2147483647;
			files = (
			);
			runOnlyForDeploymentPostprocessing = 0;
		};
/* End PBXResourcesBuildPhase section */

/* Begin PBXSourcesBuildPhase section */
		4E074B571DB4CE540090B5C0 /* Sources */ = {
			isa = PBXSourcesBuildPhase;
			buildActionMask = 2147483647;
			files = (
				4E074B661DB4CE540090B5C0 /* ViewController.m in Sources */,
				4E074B631DB4CE540090B5C0 /* AppDelegate.m in Sources */,
				4E074B601DB4CE540090B5C0 /* main.m in Sources */,
			);
			runOnlyForDeploymentPostprocessing = 0;
		};
		4E074B751DB4CEA90090B5C0 /* Sources */ = {
			isa = PBXSourcesBuildPhase;
			buildActionMask = 2147483647;
			files = (
				4EA45D701DB5FAB000462A97 /* WidgetNewsCell.m in Sources */,
				4EA45D731DB5FAC700462A97 /* WidgetMatchCell.m in Sources */,
				4E074B801DB4CEA90090B5C0 /* TodayViewController.m in Sources */,
				4EA45D7C1DB6095100462A97 /* UIColor+Extend.m in Sources */,
			);
			runOnlyForDeploymentPostprocessing = 0;
		};
/* End PBXSourcesBuildPhase section */

/* Begin PBXTargetDependency section */
		4E074B861DB4CEA90090B5C0 /* PBXTargetDependency */ = {
			isa = PBXTargetDependency;
			target = 4E074B781DB4CEA90090B5C0 /* Widget */;
			targetProxy = 4E074B851DB4CEA90090B5C0 /* PBXContainerItemProxy */;
		};
/* End PBXTargetDependency section */

/* Begin PBXVariantGroup section */
		4E074B671DB4CE540090B5C0 /* Main.storyboard */ = {
			isa = PBXVariantGroup;
			children = (
				4E074B681DB4CE540090B5C0 /* Base */,
			);
			name = Main.storyboard;
			sourceTree = "<group>";
		};
		4E074B6C1DB4CE540090B5C0 /* LaunchScreen.storyboard */ = {
			isa = PBXVariantGroup;
			children = (
				4E074B6D1DB4CE540090B5C0 /* Base */,
			);
			name = LaunchScreen.storyboard;
			sourceTree = "<group>";
		};
/* End PBXVariantGroup section */

/* Begin XCBuildConfiguration section */
		4E074B701DB4CE540090B5C0 /* Debug */ = {
			isa = XCBuildConfiguration;
			buildSettings = {
				ALWAYS_SEARCH_USER_PATHS = NO;
				CLANG_ANALYZER_NONNULL = YES;
				CLANG_CXX_LANGUAGE_STANDARD = "gnu++0x";
				CLANG_CXX_LIBRARY = "libc++";
				CLANG_ENABLE_MODULES = YES;
				CLANG_ENABLE_OBJC_ARC = YES;
				CLANG_WARN_BOOL_CONVERSION = YES;
				CLANG_WARN_CONSTANT_CONVERSION = YES;
				CLANG_WARN_DIRECT_OBJC_ISA_USAGE = YES_ERROR;
				CLANG_WARN_DOCUMENTATION_COMMENTS = YES;
				CLANG_WARN_EMPTY_BODY = YES;
				CLANG_WARN_ENUM_CONVERSION = YES;
				CLANG_WARN_INFINITE_RECURSION = YES;
				CLANG_WARN_INT_CONVERSION = YES;
				CLANG_WARN_OBJC_ROOT_CLASS = YES_ERROR;
				CLANG_WARN_SUSPICIOUS_MOVES = YES;
				CLANG_WARN_UNREACHABLE_CODE = YES;
				CLANG_WARN__DUPLICATE_METHOD_MATCH = YES;
				"CODE_SIGN_IDENTITY[sdk=iphoneos*]" = "iPhone Developer";
				COPY_PHASE_STRIP = NO;
				DEBUG_INFORMATION_FORMAT = dwarf;
				ENABLE_STRICT_OBJC_MSGSEND = YES;
				ENABLE_TESTABILITY = YES;
				GCC_C_LANGUAGE_STANDARD = gnu99;
				GCC_DYNAMIC_NO_PIC = NO;
				GCC_NO_COMMON_BLOCKS = YES;
				GCC_OPTIMIZATION_LEVEL = 0;
				GCC_PREPROCESSOR_DEFINITIONS = (
					"DEBUG=1",
					"$(inherited)",
				);
				GCC_WARN_64_TO_32_BIT_CONVERSION = YES;
				GCC_WARN_ABOUT_RETURN_TYPE = YES_ERROR;
				GCC_WARN_UNDECLARED_SELECTOR = YES;
				GCC_WARN_UNINITIALIZED_AUTOS = YES_AGGRESSIVE;
				GCC_WARN_UNUSED_FUNCTION = YES;
				GCC_WARN_UNUSED_VARIABLE = YES;
				IPHONEOS_DEPLOYMENT_TARGET = 8.0;
				MTL_ENABLE_DEBUG_INFO = YES;
				ONLY_ACTIVE_ARCH = YES;
				SDKROOT = iphoneos;
				TARGETED_DEVICE_FAMILY = "1,2";
			};
			name = Debug;
		};
		4E074B711DB4CE540090B5C0 /* Release */ = {
			isa = XCBuildConfiguration;
			buildSettings = {
				ALWAYS_SEARCH_USER_PATHS = NO;
				CLANG_ANALYZER_NONNULL = YES;
				CLANG_CXX_LANGUAGE_STANDARD = "gnu++0x";
				CLANG_CXX_LIBRARY = "libc++";
				CLANG_ENABLE_MODULES = YES;
				CLANG_ENABLE_OBJC_ARC = YES;
				CLANG_WARN_BOOL_CONVERSION = YES;
				CLANG_WARN_CONSTANT_CONVERSION = YES;
				CLANG_WARN_DIRECT_OBJC_ISA_USAGE = YES_ERROR;
				CLANG_WARN_DOCUMENTATION_COMMENTS = YES;
				CLANG_WARN_EMPTY_BODY = YES;
				CLANG_WARN_ENUM_CONVERSION = YES;
				CLANG_WARN_INFINITE_RECURSION = YES;
				CLANG_WARN_INT_CONVERSION = YES;
				CLANG_WARN_OBJC_ROOT_CLASS = YES_ERROR;
				CLANG_WARN_SUSPICIOUS_MOVES = YES;
				CLANG_WARN_UNREACHABLE_CODE = YES;
				CLANG_WARN__DUPLICATE_METHOD_MATCH = YES;
				"CODE_SIGN_IDENTITY[sdk=iphoneos*]" = "iPhone Developer";
				COPY_PHASE_STRIP = NO;
				DEBUG_INFORMATION_FORMAT = "dwarf-with-dsym";
				ENABLE_NS_ASSERTIONS = NO;
				ENABLE_STRICT_OBJC_MSGSEND = YES;
				GCC_C_LANGUAGE_STANDARD = gnu99;
				GCC_NO_COMMON_BLOCKS = YES;
				GCC_WARN_64_TO_32_BIT_CONVERSION = YES;
				GCC_WARN_ABOUT_RETURN_TYPE = YES_ERROR;
				GCC_WARN_UNDECLARED_SELECTOR = YES;
				GCC_WARN_UNINITIALIZED_AUTOS = YES_AGGRESSIVE;
				GCC_WARN_UNUSED_FUNCTION = YES;
				GCC_WARN_UNUSED_VARIABLE = YES;
				IPHONEOS_DEPLOYMENT_TARGET = 8.0;
				MTL_ENABLE_DEBUG_INFO = NO;
				SDKROOT = iphoneos;
				TARGETED_DEVICE_FAMILY = "1,2";
				VALIDATE_PRODUCT = YES;
			};
			name = Release;
		};
		4E074B731DB4CE540090B5C0 /* Debug */ = {
			isa = XCBuildConfiguration;
			buildSettings = {
				ASSETCATALOG_COMPILER_APPICON_NAME = AppIcon;
				CODE_SIGN_ENTITLEMENTS = TestWidget/TestWidget.entitlements;
				CODE_SIGN_IDENTITY = "iPhone Developer";
				DEVELOPMENT_TEAM = L94FR997ZV;
				INFOPLIST_FILE = TestWidget/Info.plist;
				LD_RUNPATH_SEARCH_PATHS = "$(inherited) @executable_path/Frameworks";
				PRODUCT_BUNDLE_IDENTIFIER = com.zuqiukong.zuqiukongtest;
				PRODUCT_NAME = "$(TARGET_NAME)";
			};
			name = Debug;
		};
		4E074B741DB4CE540090B5C0 /* Release */ = {
			isa = XCBuildConfiguration;
			buildSettings = {
				ASSETCATALOG_COMPILER_APPICON_NAME = AppIcon;
				CODE_SIGN_ENTITLEMENTS = TestWidget/TestWidget.entitlements;
				CODE_SIGN_IDENTITY = "iPhone Developer";
				DEVELOPMENT_TEAM = L94FR997ZV;
				INFOPLIST_FILE = TestWidget/Info.plist;
				LD_RUNPATH_SEARCH_PATHS = "$(inherited) @executable_path/Frameworks";
				PRODUCT_BUNDLE_IDENTIFIER = com.zuqiukong.zuqiukongtest;
				PRODUCT_NAME = "$(TARGET_NAME)";
			};
			name = Release;
		};
		4E074B891DB4CEA90090B5C0 /* Debug */ = {
			isa = XCBuildConfiguration;
			buildSettings = {
				CODE_SIGN_ENTITLEMENTS = Widget/Widget.entitlements;
				DEVELOPMENT_TEAM = L94FR997ZV;
				INFOPLIST_FILE = Widget/Info.plist;
				LD_RUNPATH_SEARCH_PATHS = "$(inherited) @executable_path/Frameworks @executable_path/../../Frameworks";
				PRODUCT_BUNDLE_IDENTIFIER = com.zuqiukong.zuqiukongtest.Widget;
				PRODUCT_NAME = "$(TARGET_NAME)";
				REEXPORTED_LIBRARY_PATHS = "";
				SKIP_INSTALL = YES;
			};
			name = Debug;
		};
		4E074B8A1DB4CEA90090B5C0 /* Release */ = {
			isa = XCBuildConfiguration;
			buildSettings = {
				CODE_SIGN_ENTITLEMENTS = Widget/Widget.entitlements;
				DEVELOPMENT_TEAM = L94FR997ZV;
				INFOPLIST_FILE = Widget/Info.plist;
				LD_RUNPATH_SEARCH_PATHS = "$(inherited) @executable_path/Frameworks @executable_path/../../Frameworks";
				PRODUCT_BUNDLE_IDENTIFIER = com.zuqiukong.zuqiukongtest.Widget;
				PRODUCT_NAME = "$(TARGET_NAME)";
				REEXPORTED_LIBRARY_PATHS = "";
				SKIP_INSTALL = YES;
			};
			name = Release;
		};
/* End XCBuildConfiguration section */

/* Begin XCConfigurationList section */
		4E074B561DB4CE540090B5C0 /* Build configuration list for PBXProject "TestWidget" */ = {
			isa = XCConfigurationList;
			buildConfigurations = (
				4E074B701DB4CE540090B5C0 /* Debug */,
				4E074B711DB4CE540090B5C0 /* Release */,
			);
			defaultConfigurationIsVisible = 0;
			defaultConfigurationName = Release;
		};
		4E074B721DB4CE540090B5C0 /* Build configuration list for PBXNativeTarget "TestWidget" */ = {
			isa = XCConfigurationList;
			buildConfigurations = (
				4E074B731DB4CE540090B5C0 /* Debug */,
				4E074B741DB4CE540090B5C0 /* Release */,
			);
			defaultConfigurationIsVisible = 0;
			defaultConfigurationName = Release;
		};
		4E074B881DB4CEA90090B5C0 /* Build configuration list for PBXNativeTarget "Widget" */ = {
			isa = XCConfigurationList;
			buildConfigurations = (
				4E074B891DB4CEA90090B5C0 /* Debug */,
				4E074B8A1DB4CEA90090B5C0 /* Release */,
			);
			defaultConfigurationIsVisible = 0;
			defaultConfigurationName = Release;
		};
/* End XCConfigurationList section */
	};
	rootObject = 4E074B531DB4CE540090B5C0 /* Project object */;
}
